
Microsoft Visual Studio Solution File, Format Version 12.00
# Visual Studio Version 17
VisualStudioVersion = 17.5.002.0
MinimumVisualStudioVersion = 10.0.40219.1
Project("{9A19103F-16F7-4668-BE54-9A1E7A4F7556}") = "dotnet-sdk-1517", "dotnet-sdk-1517.csproj", "{751FAFB6-C0E4-4AA1-803E-2C0AEA5204D9}"
EndProject
Global
	GlobalSection(SolutionConfigurationPlatforms) = preSolution
		Debug|Any CPU = Debug|Any CPU
		Release|Any CPU = Release|Any CPU
	EndGlobalSection
	GlobalSection(ProjectConfigurationPlatforms) = postSolution
		{751FAFB6-C0E4-4AA1-803E-2C0AEA5204D9}.Debug|Any CPU.ActiveCfg = Debug|Any CPU
		{751FAFB6-C0E4-4AA1-803E-2C0AEA5204D9}.Debug|Any CPU.Build.0 = Debug|Any CPU
		{751FAFB6-C0E4-4AA1-803E-2C0AEA5204D9}.Release|Any CPU.ActiveCfg = Release|Any CPU
		{751FAFB6-C0E4-4AA1-803E-2C0AEA5204D9}.Release|Any CPU.Build.0 = Release|Any CPU
	EndGlobalSection
	GlobalSection(SolutionProperties) = preSolution
		HideSolutionNode = FALSE
	EndGlobalSection
	GlobalSection(ExtensibilityGlobals) = postSolution
		SolutionGuid = {860375D3-5061-4707-802B-3175E0446997}
	EndGlobalSection
EndGlobal
